// !$*UTF8*$!
{
	archiveVersion = 1;
	classes = {
	};
	objectVersion = 46;
	objects = {

/* Begin PBXBuildFile section */
		FADC72C214D9E4550042FA22 /* UIKit.framework in Frameworks */ = {isa = PBXBuildFile; fileRef = FADC72C114D9E4550042FA22 /* UIKit.framework */; };
		FADC72C414D9E4550042FA22 /* Foundation.framework in Frameworks */ = {isa = PBXBuildFile; fileRef = FADC72C314D9E4550042FA22 /* Foundation.framework */; };
		FADC72C614D9E4550042FA22 /* CoreGraphics.framework in Frameworks */ = {isa = PBXBuildFile; fileRef = FADC72C514D9E4550042FA22 /* CoreGraphics.framework */; };
		FADC72CC14D9E4550042FA22 /* InfoPlist.strings in Resources */ = {isa = PBXBuildFile; fileRef = FADC72CA14D9E4550042FA22 /* InfoPlist.strings */; };
		FADC72CE14D9E4550042FA22 /* main.m in Sources */ = {isa = PBXBuildFile; fileRef = FADC72CD14D9E4550042FA22 /* main.m */; };
		FADC72D214D9E4550042FA22 /* AppDelegate.m in Sources */ = {isa = PBXBuildFile; fileRef = FADC72D114D9E4550042FA22 /* AppDelegate.m */; };
		FADC72D514D9E4550042FA22 /* ViewController.m in Sources */ = {isa = PBXBuildFile; fileRef = FADC72D414D9E4550042FA22 /* ViewController.m */; };
		FADC72D814D9E4550042FA22 /* ViewController.xib in Resources */ = {isa = PBXBuildFile; fileRef = FADC72D614D9E4550042FA22 /* ViewController.xib */; };
/* End PBXBuildFile section */

/* Begin PBXFileReference section */
		FADC72BD14D9E4550042FA22 /* BoggleSolver.app */ = {isa = PBXFileReference; explicitFileType = wrapper.application; includeInIndex = 0; path = BoggleSolver.app; sourceTree = BUILT_PRODUCTS_DIR; };
		FADC72C114D9E4550042FA22 /* UIKit.framework */ = {isa = PBXFileReference; lastKnownFileType = wrapper.framework; name = UIKit.framework; path = System/Library/Frameworks/UIKit.framework; sourceTree = SDKROOT; };
		FADC72C314D9E4550042FA22 /* Foundation.framework */ = {isa = PBXFileReference; lastKnownFileType = wrapper.framework; name = Foundation.framework; path = System/Library/Frameworks/Foundation.framework; sourceTree = SDKROOT; };
		FADC72C514D9E4550042FA22 /* CoreGraphics.framework */ = {isa = PBXFileReference; lastKnownFileType = wrapper.framework; name = CoreGraphics.framework; path = System/Library/Frameworks/CoreGraphics.framework; sourceTree = SDKROOT; };
		FADC72C914D9E4550042FA22 /* BoggleSolver-Info.plist */ = {isa = PBXFileReference; path = "BoggleSolver-Info.plist"; sourceTree = "<group>"; };
		FADC72CB14D9E4550042FA22 /* en */ = {isa = PBXFileReference; lastKnownFileType = text.plist.strings; name = en; path = en.lproj/InfoPlist.strings; sourceTree = "<group>"; };
		FADC72CD14D9E4550042FA22 /* main.m */ = {isa = PBXFileReference; lastKnownFileType = sourcecode.c.objc; path = main.m; sourceTree = "<group>"; };
		FADC72CF14D9E4550042FA22 /* BoggleSolver-Prefix.pch */ = {isa = PBXFileReference; path = "BoggleSolver-Prefix.pch"; sourceTree = "<group>"; };
		FADC72D014D9E4550042FA22 /* AppDelegate.h */ = {isa = PBXFileReference; path = AppDelegate.h; sourceTree = "<group>"; };
		FADC72D114D9E4550042FA22 /* AppDelegate.m */ = {isa = PBXFileReference; lastKnownFileType = sourcecode.c.objc; path = AppDelegate.m; sourceTree = "<group>"; };
		FADC72D314D9E4550042FA22 /* ViewController.h */ = {isa = PBXFileReference; path = ViewController.h; sourceTree = "<group>"; };
		FADC72D414D9E4550042FA22 /* ViewController.m */ = {isa = PBXFileReference; lastKnownFileType = sourcecode.c.objc; path = ViewController.m; sourceTree = "<group>"; };
		FADC72D714D9E4550042FA22 /* en */ = {isa = PBXFileReference; lastKnownFileType = file.xib; name = en; path = en.lproj/ViewController.xib; sourceTree = "<group>"; };
/* End PBXFileReference section */

/* Begin PBXFrameworksBuildPhase section */
		FADC72BA14D9E4550042FA22 /* Frameworks */ = {
			isa = PBXFrameworksBuildPhase;
			buildActionMask = 2147483647;
			files = (
				FADC72C214D9E4550042FA22 /* UIKit.framework in Frameworks */,
				FADC72C414D9E4550042FA22 /* Foundation.framework in Frameworks */,
				FADC72C614D9E4550042FA22 /* CoreGraphics.framework in Frameworks */,
			);
			runOnlyForDeploymentPostprocessing = 0;
		};
/* End PBXFrameworksBuildPhase section */

/* Begin PBXGroup section */
		FADC72B214D9E4550042FA22 = {
			isa = PBXGroup;
			children = (
				FADC72C714D9E4550042FA22 /* BoggleSolver */,
				FADC72C014D9E4550042FA22 /* Frameworks */,
				FADC72BE14D9E4550042FA22 /* Products */,
			);
			sourceTree = "<group>";
		};
		FADC72BE14D9E4550042FA22 /* Products */ = {
			isa = PBXGroup;
			children = (
				FADC72BD14D9E4550042FA22 /* BoggleSolver.app */,
			);
			name = Products;
			sourceTree = "<group>";
		};
		FADC72C014D9E4550042FA22 /* Frameworks */ = {
			isa = PBXGroup;
			children = (
				FADC72C114D9E4550042FA22 /* UIKit.framework */,
				FADC72C314D9E4550042FA22 /* Foundation.framework */,
				FADC72C514D9E4550042FA22 /* CoreGraphics.framework */,
			);
			name = Frameworks;
			sourceTree = "<group>";
		};
		FADC72C714D9E4550042FA22 /* BoggleSolver */ = {
			isa = PBXGroup;
			children = (
				FADC72D014D9E4550042FA22 /* AppDelegate.h */,
				FADC72D114D9E4550042FA22 /* AppDelegate.m */,
				FADC72D314D9E4550042FA22 /* ViewController.h */,
				FADC72D414D9E4550042FA22 /* ViewController.m */,
				FADC72D614D9E4550042FA22 /* ViewController.xib */,
				FADC72C814D9E4550042FA22 /* Supporting Files */,
			);
			path = BoggleSolver;
			sourceTree = "<group>";
		};
		FADC72C814D9E4550042FA22 /* Supporting Files */ = {
			isa = PBXGroup;
			children = (
				FADC72C914D9E4550042FA22 /* BoggleSolver-Info.plist */,
				FADC72CA14D9E4550042FA22 /* InfoPlist.strings */,
				FADC72CD14D9E4550042FA22 /* main.m */,
				FADC72CF14D9E4550042FA22 /* BoggleSolver-Prefix.pch */,
			);
			name = "Supporting Files";
			sourceTree = "<group>";
		};
/* End PBXGroup section */

/* Begin PBXNativeTarget section */
		FADC72BC14D9E4550042FA22 /* BoggleSolver */ = {
			isa = PBXNativeTarget;
			buildConfigurationList = FADC72DB14D9E4550042FA22 /* Build configuration list for PBXNativeTarget "BoggleSolver" */;
			buildPhases = (
				FADC72B914D9E4550042FA22 /* Sources */,
				FADC72BA14D9E4550042FA22 /* Frameworks */,
				FADC72BB14D9E4550042FA22 /* Resources */,
			);
			buildRules = (
			);
			dependencies = (
			);
			name = BoggleSolver;
			productName = BoggleSolver;
			productReference = FADC72BD14D9E4550042FA22 /* BoggleSolver.app */;
			productType = "com.apple.product-type.application";
		};
/* End PBXNativeTarget section */

/* Begin PBXProject section */
		FADC72B414D9E4550042FA22 /* Project object */ = {
			isa = PBXProject;
			attributes = {
				LastUpgradeCheck = 0420;
			};
			buildConfigurationList = FADC72B714D9E4550042FA22 /* Build configuration list for PBXProject "BoggleSolver" */;
			compatibilityVersion = "Xcode 3.2";
			developmentRegion = English;
			hasScannedForEncodings = 0;
			knownRegions = (
				en,
			);
			mainGroup = FADC72B214D9E4550042FA22;
			productRefGroup = FADC72BE14D9E4550042FA22 /* Products */;
			projectDirPath = "";
			projectRoot = "";
			targets = (
				FADC72BC14D9E4550042FA22 /* BoggleSolver */,
			);
		};
/* End PBXProject section */

/* Begin PBXResourcesBuildPhase section */
		FADC72BB14D9E4550042FA22 /* Resources */ = {
			isa = PBXResourcesBuildPhase;
			buildActionMask = 2147483647;
			files = (
				FADC72CC14D9E4550042FA22 /* InfoPlist.strings in Resources */,
				FADC72D814D9E4550042FA22 /* ViewController.xib in Resources */,
			);
			runOnlyForDeploymentPostprocessing = 0;
		};
/* End PBXResourcesBuildPhase section */

/* Begin PBXSourcesBuildPhase section */
		FADC72B914D9E4550042FA22 /* Sources */ = {
			isa = PBXSourcesBuildPhase;
			buildActionMask = 2147483647;
			files = (
				FADC72CE14D9E4550042FA22 /* main.m in Sources */,
				FADC72D214D9E4550042FA22 /* AppDelegate.m in Sources */,
				FADC72D514D9E4550042FA22 /* ViewController.m in Sources */,
			);
			runOnlyForDeploymentPostprocessing = 0;
		};
/* End PBXSourcesBuildPhase section */

/* Begin PBXVariantGroup section */
		FADC72CA14D9E4550042FA22 /* InfoPlist.strings */ = {
			isa = PBXVariantGroup;
			children = (
				FADC72CB14D9E4550042FA22 /* en */,
			);
			name = InfoPlist.strings;
			sourceTree = "<group>";
		};
		FADC72D614D9E4550042FA22 /* ViewController.xib */ = {
			isa = PBXVariantGroup;
			children = (
				FADC72D714D9E4550042FA22 /* en */,
			);
			name = ViewController.xib;
			sourceTree = "<group>";
		};
/* End PBXVariantGroup section */

/* Begin XCBuildConfiguration section */
		FADC72D914D9E4550042FA22 /* Debug */ = {
			isa = XCBuildConfiguration;
			buildSettings = {
				ALWAYS_SEARCH_USER_PATHS = NO;
				ARCHS = "$(ARCHS_STANDARD_32_BIT)";
				CLANG_ENABLE_OBJC_ARC = YES;
				"CODE_SIGN_IDENTITY[sdk=iphoneos*]" = "iPhone Developer";
				COPY_PHASE_STRIP = NO;
				GCC_C_LANGUAGE_STANDARD = gnu99;
				GCC_DYNAMIC_NO_PIC = NO;
				GCC_OPTIMIZATION_LEVEL = 0;
				GCC_PREPROCESSOR_DEFINITIONS = (
					"DEBUG=1",
					"$(inherited)",
				);
				GCC_SYMBOLS_PRIVATE_EXTERN = NO;
				GCC_VERSION = com.apple.compilers.llvm.clang.1_0;
				GCC_WARN_ABOUT_MISSING_PROTOTYPES = YES;
				GCC_WARN_ABOUT_RETURN_TYPE = YES;
				GCC_WARN_UNUSED_VARIABLE = YES;
				IPHONEOS_DEPLOYMENT_TARGET = 5.0;
				SDKROOT = iphoneos;
			};
			name = Debug;
		};
		FADC72DA14D9E4550042FA22 /* Release */ = {
			isa = XCBuildConfiguration;
			buildSettings = {
				ALWAYS_SEARCH_USER_PATHS = NO;
				ARCHS = "$(ARCHS_STANDARD_32_BIT)";
				CLANG_ENABLE_OBJC_ARC = YES;
				"CODE_SIGN_IDENTITY[sdk=iphoneos*]" = "iPhone Developer";
				COPY_PHASE_STRIP = YES;
				GCC_C_LANGUAGE_STANDARD = gnu99;
				GCC_VERSION = com.apple.compilers.llvm.clang.1_0;
				GCC_WARN_ABOUT_MISSING_PROTOTYPES = YES;
				GCC_WARN_ABOUT_RETURN_TYPE = YES;
				GCC_WARN_UNUSED_VARIABLE = YES;
				IPHONEOS_DEPLOYMENT_TARGET = 5.0;
				OTHER_CFLAGS = "-DNS_BLOCK_ASSERTIONS=1";
				SDKROOT = iphoneos;
				VALIDATE_PRODUCT = YES;
			};
			name = Release;
		};
		FADC72DC14D9E4550042FA22 /* Debug */ = {
			isa = XCBuildConfiguration;
			buildSettings = {
				GCC_PRECOMPILE_PREFIX_HEADER = YES;
				GCC_PREFIX_HEADER = "BoggleSolver/BoggleSolver-Prefix.pch";
				INFOPLIST_FILE = "BoggleSolver/BoggleSolver-Info.plist";
				PRODUCT_NAME = "$(TARGET_NAME)";
				WRAPPER_EXTENSION = app;
			};
			name = Debug;
		};
		FADC72DD14D9E4550042FA22 /* Release */ = {
			isa = XCBuildConfiguration;
			buildSettings = {
				GCC_PRECOMPILE_PREFIX_HEADER = YES;
				GCC_PREFIX_HEADER = "BoggleSolver/BoggleSolver-Prefix.pch";
				INFOPLIST_FILE = "BoggleSolver/BoggleSolver-Info.plist";
				PRODUCT_NAME = "$(TARGET_NAME)";
				WRAPPER_EXTENSION = app;
			};
			name = Release;
		};
/* End XCBuildConfiguration section */

/* Begin XCConfigurationList section */
		FADC72B714D9E4550042FA22 /* Build configuration list for PBXProject "BoggleSolver" */ = {
			isa = XCConfigurationList;
			buildConfigurations = (
				FADC72D914D9E4550042FA22 /* Debug */,
				FADC72DA14D9E4550042FA22 /* Release */,
			);
			defaultConfigurationIsVisible = 0;
			defaultConfigurationName = Release;
		};
		FADC72DB14D9E4550042FA22 /* Build configuration list for PBXNativeTarget "BoggleSolver" */ = {
			isa = XCConfigurationList;
			buildConfigurations = (
				FADC72DC14D9E4550042FA22 /* Debug */,
				FADC72DD14D9E4550042FA22 /* Release */,
			);
			defaultConfigurationIsVisible = 0;
		};
/* End XCConfigurationList section */
	};
	rootObject = FADC72B414D9E4550042FA22 /* Project object */;
}
